
Microsoft Visual Studio Solution File, Format Version 12.00
# Visual Studio 2015
Project("{FAE04EC0-301F-11D3-BF4B-00C04F79EFBC}") = "ahsarNEW", "ahsarNEW.csproj", "{3605194E-019C-434A-E557-913ACC0ACCF3}"
EndProject
Project("{FAE04EC0-301F-11D3-BF4B-00C04F79EFBC}") = "ahsarNEW.Editor", "ahsarNEW.Editor.csproj", "{B0734DBE-23EF-FCB3-84F7-B5830F0F55AF}"
EndProject
Global
	GlobalSection(SolutionConfigurationPlatforms) = preSolution
		Debug|Any CPU = Debug|Any CPU
		Release|Any CPU = Release|Any CPU
	EndGlobalSection
	GlobalSection(ProjectConfigurationPlatforms) = postSolution
		{3605194E-019C-434A-E557-913ACC0ACCF3}.Debug|Any CPU.ActiveCfg = Debug|Any CPU
		{3605194E-019C-434A-E557-913ACC0ACCF3}.Debug|Any CPU.Build.0 = Debug|Any CPU
		{3605194E-019C-434A-E557-913ACC0ACCF3}.Release|Any CPU.ActiveCfg = Release|Any CPU
		{3605194E-019C-434A-E557-913ACC0ACCF3}.Release|Any CPU.Build.0 = Release|Any CPU
		{B0734DBE-23EF-FCB3-84F7-B5830F0F55AF}.Debug|Any CPU.ActiveCfg = Debug|Any CPU
		{B0734DBE-23EF-FCB3-84F7-B5830F0F55AF}.Debug|Any CPU.Build.0 = Debug|Any CPU
		{B0734DBE-23EF-FCB3-84F7-B5830F0F55AF}.Release|Any CPU.ActiveCfg = Release|Any CPU
		{B0734DBE-23EF-FCB3-84F7-B5830F0F55AF}.Release|Any CPU.Build.0 = Release|Any CPU
	EndGlobalSection
	GlobalSection(SolutionProperties) = preSolution
		HideSolutionNode = FALSE
	EndGlobalSection
EndGlobal
